
Microsoft Visual Studio Solution File, Format Version 12.00
# Visual Studio Version 16
VisualStudioVersion = 16.0.31321.278
MinimumVisualStudioVersion = 10.0.40219.1
Project("{FAE04EC0-301F-11D3-BF4B-00C04F79EFBC}") = "Hesapmakinesi", "Hesapmakinesi\Hesapmakinesi.csproj", "{DE96D5EE-7597-47B1-8132-6BD41933A735}"
EndProject
Global
	GlobalSection(SolutionConfigurationPlatforms) = preSolution
		Debug|Any CPU = Debug|Any CPU
		Release|Any CPU = Release|Any CPU
	EndGlobalSection
	GlobalSection(ProjectConfigurationPlatforms) = postSolution
		{DE96D5EE-7597-47B1-8132-6BD41933A735}.Debug|Any CPU.ActiveCfg = Debug|Any CPU
		{DE96D5EE-7597-47B1-8132-6BD41933A735}.Debug|Any CPU.Build.0 = Debug|Any CPU
		{DE96D5EE-7597-47B1-8132-6BD41933A735}.Release|Any CPU.ActiveCfg = Release|Any CPU
		{DE96D5EE-7597-47B1-8132-6BD41933A735}.Release|Any CPU.Build.0 = Release|Any CPU
	EndGlobalSection
	GlobalSection(SolutionProperties) = preSolution
		HideSolutionNode = FALSE
	EndGlobalSection
	GlobalSection(ExtensibilityGlobals) = postSolution
		SolutionGuid = {7681C90F-AB07-47E2-AEA0-1A77F86BDD00}
	EndGlobalSection
EndGlobal
